// !$*UTF8*$!
{
	archiveVersion = 1;
	classes = {
	};
	objectVersion = 46;
	objects = {

/* Begin PBXBuildFile section */
		480013E11D37A48E00D443C1 /* main.m in Sources */ = {isa = PBXBuildFile; fileRef = 480013E01D37A48E00D443C1 /* main.m */; };
		480013E41D37A48E00D443C1 /* AppDelegate.m in Sources */ = {isa = PBXBuildFile; fileRef = 480013E31D37A48E00D443C1 /* AppDelegate.m */; };
		480013E71D37A48E00D443C1 /* ViewController.m in Sources */ = {isa = PBXBuildFile; fileRef = 480013E61D37A48E00D443C1 /* ViewController.m */; };
		480013EA1D37A48E00D443C1 /* Main.storyboard in Resources */ = {isa = PBXBuildFile; fileRef = 480013E81D37A48E00D443C1 /* Main.storyboard */; };
		480013EC1D37A48E00D443C1 /* Assets.xcassets in Resources */ = {isa = PBXBuildFile; fileRef = 480013EB1D37A48E00D443C1 /* Assets.xcassets */; };
		480013EF1D37A48E00D443C1 /* LaunchScreen.storyboard in Resources */ = {isa = PBXBuildFile; fileRef = 480013ED1D37A48E00D443C1 /* LaunchScreen.storyboard */; };
		480013F91D37A63000D443C1 /* ZYLocationManager.m in Sources */ = {isa = PBXBuildFile; fileRef = 480013F81D37A63000D443C1 /* ZYLocationManager.m */; };
		480013FB1D37A78D00D443C1 /* CoreLocation.framework in Frameworks */ = {isa = PBXBuildFile; fileRef = 480013FA1D37A78D00D443C1 /* CoreLocation.framework */; };
/* End PBXBuildFile section */

/* Begin PBXFileReference section */
		480013DC1D37A48E00D443C1 /* ZYLocationManager.app */ = {isa = PBXFileReference; explicitFileType = wrapper.application; includeInIndex = 0; path = ZYLocationManager.app; sourceTree = BUILT_PRODUCTS_DIR; };
		480013E01D37A48E00D443C1 /* main.m */ = {isa = PBXFileReference; lastKnownFileType = sourcecode.c.objc; path = main.m; sourceTree = "<group>"; };
		480013E21D37A48E00D443C1 /* AppDelegate.h */ = {isa = PBXFileReference; lastKnownFileType = sourcecode.c.h; path = AppDelegate.h; sourceTree = "<group>"; };
		480013E31D37A48E00D443C1 /* AppDelegate.m */ = {isa = PBXFileReference; lastKnownFileType = sourcecode.c.objc; path = AppDelegate.m; sourceTree = "<group>"; };
		480013E51D37A48E00D443C1 /* ViewController.h */ = {isa = PBXFileReference; lastKnownFileType = sourcecode.c.h; path = ViewController.h; sourceTree = "<group>"; };
		480013E61D37A48E00D443C1 /* ViewController.m */ = {isa = PBXFileReference; lastKnownFileType = sourcecode.c.objc; path = ViewController.m; sourceTree = "<group>"; };
		480013E91D37A48E00D443C1 /* Base */ = {isa = PBXFileReference; lastKnownFileType = file.storyboard; name = Base; path = Base.lproj/Main.storyboard; sourceTree = "<group>"; };
		480013EB1D37A48E00D443C1 /* Assets.xcassets */ = {isa = PBXFileReference; lastKnownFileType = folder.assetcatalog; path = Assets.xcassets; sourceTree = "<group>"; };
		480013EE1D37A48E00D443C1 /* Base */ = {isa = PBXFileReference; lastKnownFileType = file.storyboard; name = Base; path = Base.lproj/LaunchScreen.storyboard; sourceTree = "<group>"; };
		480013F01D37A48E00D443C1 /* Info.plist */ = {isa = PBXFileReference; lastKnownFileType = text.plist.xml; path = Info.plist; sourceTree = "<group>"; };
		480013F71D37A63000D443C1 /* ZYLocationManager.h */ = {isa = PBXFileReference; fileEncoding = 4; lastKnownFileType = sourcecode.c.h; path = ZYLocationManager.h; sourceTree = "<group>"; };
		480013F81D37A63000D443C1 /* ZYLocationManager.m */ = {isa = PBXFileReference; fileEncoding = 4; lastKnownFileType = sourcecode.c.objc; path = ZYLocationManager.m; sourceTree = "<group>"; };
		480013FA1D37A78D00D443C1 /* CoreLocation.framework */ = {isa = PBXFileReference; lastKnownFileType = wrapper.framework; name = CoreLocation.framework; path = System/Library/Frameworks/CoreLocation.framework; sourceTree = SDKROOT; };
/* End PBXFileReference section */

/* Begin PBXFrameworksBuildPhase section */
		480013D91D37A48E00D443C1 /* Frameworks */ = {
			isa = PBXFrameworksBuildPhase;
			buildActionMask = 2147483647;
			files = (
				480013FB1D37A78D00D443C1 /* CoreLocation.framework in Frameworks */,
			);
			runOnlyForDeploymentPostprocessing = 0;
		};
/* End PBXFrameworksBuildPhase section */

/* Begin PBXGroup section */
		480013D31D37A48E00D443C1 = {
			isa = PBXGroup;
			children = (
				480013FA1D37A78D00D443C1 /* CoreLocation.framework */,
				480013DE1D37A48E00D443C1 /* ZYLocationManager */,
				480013DD1D37A48E00D443C1 /* Products */,
			);
			sourceTree = "<group>";
		};
		480013DD1D37A48E00D443C1 /* Products */ = {
			isa = PBXGroup;
			children = (
				480013DC1D37A48E00D443C1 /* ZYLocationManager.app */,
			);
			name = Products;
			sourceTree = "<group>";
		};
		480013DE1D37A48E00D443C1 /* ZYLocationManager */ = {
			isa = PBXGroup;
			children = (
				480013F61D37A57200D443C1 /* Classes */,
				480013E21D37A48E00D443C1 /* AppDelegate.h */,
				480013E31D37A48E00D443C1 /* AppDelegate.m */,
				480013E51D37A48E00D443C1 /* ViewController.h */,
				480013E61D37A48E00D443C1 /* ViewController.m */,
				480013E81D37A48E00D443C1 /* Main.storyboard */,
				480013EB1D37A48E00D443C1 /* Assets.xcassets */,
				480013ED1D37A48E00D443C1 /* LaunchScreen.storyboard */,
				480013F01D37A48E00D443C1 /* Info.plist */,
				480013DF1D37A48E00D443C1 /* Supporting Files */,
			);
			path = ZYLocationManager;
			sourceTree = "<group>";
		};
		480013DF1D37A48E00D443C1 /* Supporting Files */ = {
			isa = PBXGroup;
			children = (
				480013E01D37A48E00D443C1 /* main.m */,
			);
			name = "Supporting Files";
			sourceTree = "<group>";
		};
		480013F61D37A57200D443C1 /* Classes */ = {
			isa = PBXGroup;
			children = (
				480013F71D37A63000D443C1 /* ZYLocationManager.h */,
				480013F81D37A63000D443C1 /* ZYLocationManager.m */,
			);
			path = Classes;
			sourceTree = "<group>";
		};
/* End PBXGroup section */

/* Begin PBXNativeTarget section */
		480013DB1D37A48E00D443C1 /* ZYLocationManager */ = {
			isa = PBXNativeTarget;
			buildConfigurationList = 480013F31D37A48E00D443C1 /* Build configuration list for PBXNativeTarget "ZYLocationManager" */;
			buildPhases = (
				480013D81D37A48E00D443C1 /* Sources */,
				480013D91D37A48E00D443C1 /* Frameworks */,
				480013DA1D37A48E00D443C1 /* Resources */,
			);
			buildRules = (
			);
			dependencies = (
			);
			name = ZYLocationManager;
			productName = ZYLocationManager;
			productReference = 480013DC1D37A48E00D443C1 /* ZYLocationManager.app */;
			productType = "com.apple.product-type.application";
		};
/* End PBXNativeTarget section */

/* Begin PBXProject section */
		480013D41D37A48E00D443C1 /* Project object */ = {
			isa = PBXProject;
			attributes = {
				LastUpgradeCheck = 0730;
				ORGANIZATIONNAME = lzy;
				TargetAttributes = {
					480013DB1D37A48E00D443C1 = {
						CreatedOnToolsVersion = 7.3.1;
						DevelopmentTeam = H3UP79P5WR;
					};
				};
			};
			buildConfigurationList = 480013D71D37A48E00D443C1 /* Build configuration list for PBXProject "ZYLocationManager" */;
			compatibilityVersion = "Xcode 3.2";
			developmentRegion = English;
			hasScannedForEncodings = 0;
			knownRegions = (
				en,
				Base,
			);
			mainGroup = 480013D31D37A48E00D443C1;
			productRefGroup = 480013DD1D37A48E00D443C1 /* Products */;
			projectDirPath = "";
			projectRoot = "";
			targets = (
				480013DB1D37A48E00D443C1 /* ZYLocationManager */,
			);
		};
/* End PBXProject section */

/* Begin PBXResourcesBuildPhase section */
		480013DA1D37A48E00D443C1 /* Resources */ = {
			isa = PBXResourcesBuildPhase;
			buildActionMask = 2147483647;
			files = (
				480013EF1D37A48E00D443C1 /* LaunchScreen.storyboard in Resources */,
				480013EC1D37A48E00D443C1 /* Assets.xcassets in Resources */,
				480013EA1D37A48E00D443C1 /* Main.storyboard in Resources */,
			);
			runOnlyForDeploymentPostprocessing = 0;
		};
/* End PBXResourcesBuildPhase section */

/* Begin PBXSourcesBuildPhase section */
		480013D81D37A48E00D443C1 /* Sources */ = {
			isa = PBXSourcesBuildPhase;
			buildActionMask = 2147483647;
			files = (
				480013E71D37A48E00D443C1 /* ViewController.m in Sources */,
				480013F91D37A63000D443C1 /* ZYLocationManager.m in Sources */,
				480013E41D37A48E00D443C1 /* AppDelegate.m in Sources */,
				480013E11D37A48E00D443C1 /* main.m in Sources */,
			);
			runOnlyForDeploymentPostprocessing = 0;
		};
/* End PBXSourcesBuildPhase section */

/* Begin PBXVariantGroup section */
		480013E81D37A48E00D443C1 /* Main.storyboard */ = {
			isa = PBXVariantGroup;
			children = (
				480013E91D37A48E00D443C1 /* Base */,
			);
			name = Main.storyboard;
			sourceTree = "<group>";
		};
		480013ED1D37A48E00D443C1 /* LaunchScreen.storyboard */ = {
			isa = PBXVariantGroup;
			children = (
				480013EE1D37A48E00D443C1 /* Base */,
			);
			name = LaunchScreen.storyboard;
			sourceTree = "<group>";
		};
/* End PBXVariantGroup section */

/* Begin XCBuildConfiguration section */
		480013F11D37A48E00D443C1 /* Debug */ = {
			isa = XCBuildConfiguration;
			buildSettings = {
				ALWAYS_SEARCH_USER_PATHS = NO;
				CLANG_ANALYZER_NONNULL = YES;
				CLANG_CXX_LANGUAGE_STANDARD = "gnu++0x";
				CLANG_CXX_LIBRARY = "libc++";
				CLANG_ENABLE_MODULES = YES;
				CLANG_ENABLE_OBJC_ARC = YES;
				CLANG_WARN_BOOL_CONVERSION = YES;
				CLANG_WARN_CONSTANT_CONVERSION = YES;
				CLANG_WARN_DIRECT_OBJC_ISA_USAGE = YES_ERROR;
				CLANG_WARN_EMPTY_BODY = YES;
				CLANG_WARN_ENUM_CONVERSION = YES;
				CLANG_WARN_INT_CONVERSION = YES;
				CLANG_WARN_OBJC_ROOT_CLASS = YES_ERROR;
				CLANG_WARN_UNREACHABLE_CODE = YES;
				CLANG_WARN__DUPLICATE_METHOD_MATCH = YES;
				"CODE_SIGN_IDENTITY[sdk=iphoneos*]" = "iPhone Developer";
				COPY_PHASE_STRIP = NO;
				DEBUG_INFORMATION_FORMAT = dwarf;
				ENABLE_STRICT_OBJC_MSGSEND = YES;
				ENABLE_TESTABILITY = YES;
				GCC_C_LANGUAGE_STANDARD = gnu99;
				GCC_DYNAMIC_NO_PIC = NO;
				GCC_NO_COMMON_BLOCKS = YES;
				GCC_OPTIMIZATION_LEVEL = 0;
				GCC_PREPROCESSOR_DEFINITIONS = (
					"DEBUG=1",
					"$(inherited)",
				);
				GCC_WARN_64_TO_32_BIT_CONVERSION = YES;
				GCC_WARN_ABOUT_RETURN_TYPE = YES_ERROR;
				GCC_WARN_UNDECLARED_SELECTOR = YES;
				GCC_WARN_UNINITIALIZED_AUTOS = YES_AGGRESSIVE;
				GCC_WARN_UNUSED_FUNCTION = YES;
				GCC_WARN_UNUSED_VARIABLE = YES;
				IPHONEOS_DEPLOYMENT_TARGET = 9.3;
				MTL_ENABLE_DEBUG_INFO = YES;
				ONLY_ACTIVE_ARCH = YES;
				SDKROOT = iphoneos;
			};
			name = Debug;
		};
		480013F21D37A48E00D443C1 /* Release */ = {
			isa = XCBuildConfiguration;
			buildSettings = {
				ALWAYS_SEARCH_USER_PATHS = NO;
				CLANG_ANALYZER_NONNULL = YES;
				CLANG_CXX_LANGUAGE_STANDARD = "gnu++0x";
				CLANG_CXX_LIBRARY = "libc++";
				CLANG_ENABLE_MODULES = YES;
				CLANG_ENABLE_OBJC_ARC = YES;
				CLANG_WARN_BOOL_CONVERSION = YES;
				CLANG_WARN_CONSTANT_CONVERSION = YES;
				CLANG_WARN_DIRECT_OBJC_ISA_USAGE = YES_ERROR;
				CLANG_WARN_EMPTY_BODY = YES;
				CLANG_WARN_ENUM_CONVERSION = YES;
				CLANG_WARN_INT_CONVERSION = YES;
				CLANG_WARN_OBJC_ROOT_CLASS = YES_ERROR;
				CLANG_WARN_UNREACHABLE_CODE = YES;
				CLANG_WARN__DUPLICATE_METHOD_MATCH = YES;
				"CODE_SIGN_IDENTITY[sdk=iphoneos*]" = "iPhone Developer";
				COPY_PHASE_STRIP = NO;
				DEBUG_INFORMATION_FORMAT = "dwarf-with-dsym";
				ENABLE_NS_ASSERTIONS = NO;
				ENABLE_STRICT_OBJC_MSGSEND = YES;
				GCC_C_LANGUAGE_STANDARD = gnu99;
				GCC_NO_COMMON_BLOCKS = YES;
				GCC_WARN_64_TO_32_BIT_CONVERSION = YES;
				GCC_WARN_ABOUT_RETURN_TYPE = YES_ERROR;
				GCC_WARN_UNDECLARED_SELECTOR = YES;
				GCC_WARN_UNINITIALIZED_AUTOS = YES_AGGRESSIVE;
				GCC_WARN_UNUSED_FUNCTION = YES;
				GCC_WARN_UNUSED_VARIABLE = YES;
				IPHONEOS_DEPLOYMENT_TARGET = 9.3;
				MTL_ENABLE_DEBUG_INFO = NO;
				SDKROOT = iphoneos;
				VALIDATE_PRODUCT = YES;
			};
			name = Release;
		};
		480013F41D37A48E00D443C1 /* Debug */ = {
			isa = XCBuildConfiguration;
			buildSettings = {
				ASSETCATALOG_COMPILER_APPICON_NAME = AppIcon;
				INFOPLIST_FILE = ZYLocationManager/Info.plist;
				IPHONEOS_DEPLOYMENT_TARGET = 7.0;
				LD_RUNPATH_SEARCH_PATHS = "$(inherited) @executable_path/Frameworks";
				PRODUCT_BUNDLE_IDENTIFIER = com.lzy.ZYLocationManager;
				PRODUCT_NAME = "$(TARGET_NAME)";
			};
			name = Debug;
		};
		480013F51D37A48E00D443C1 /* Release */ = {
			isa = XCBuildConfiguration;
			buildSettings = {
				ASSETCATALOG_COMPILER_APPICON_NAME = AppIcon;
				INFOPLIST_FILE = ZYLocationManager/Info.plist;
				IPHONEOS_DEPLOYMENT_TARGET = 7.0;
				LD_RUNPATH_SEARCH_PATHS = "$(inherited) @executable_path/Frameworks";
				PRODUCT_BUNDLE_IDENTIFIER = com.lzy.ZYLocationManager;
				PRODUCT_NAME = "$(TARGET_NAME)";
			};
			name = Release;
		};
/* End XCBuildConfiguration section */

/* Begin XCConfigurationList section */
		480013D71D37A48E00D443C1 /* Build configuration list for PBXProject "ZYLocationManager" */ = {
			isa = XCConfigurationList;
			buildConfigurations = (
				480013F11D37A48E00D443C1 /* Debug */,
				480013F21D37A48E00D443C1 /* Release */,
			);
			defaultConfigurationIsVisible = 0;
			defaultConfigurationName = Release;
		};
		480013F31D37A48E00D443C1 /* Build configuration list for PBXNativeTarget "ZYLocationManager" */ = {
			isa = XCConfigurationList;
			buildConfigurations = (
				480013F41D37A48E00D443C1 /* Debug */,
				480013F51D37A48E00D443C1 /* Release */,
			);
			defaultConfigurationIsVisible = 0;
		};
/* End XCConfigurationList section */
	};
	rootObject = 480013D41D37A48E00D443C1 /* Project object */;
}
